
Microsoft Visual Studio Solution File, Format Version 12.00
# Visual Studio 15
VisualStudioVersion = 15.0.28010.2048
MinimumVisualStudioVersion = 10.0.40219.1
Project("{FAE04EC0-301F-11D3-BF4B-00C04F79EFBC}") = "ArduinoRFID", "ArduinoRFID\ArduinoRFID.csproj", "{DEC9B70C-210E-4FC7-8812-F34C28A6D942}"
EndProject
Global
	GlobalSection(SolutionConfigurationPlatforms) = preSolution
		Debug|Any CPU = Debug|Any CPU
		Release|Any CPU = Release|Any CPU
	EndGlobalSection
	GlobalSection(ProjectConfigurationPlatforms) = postSolution
		{DEC9B70C-210E-4FC7-8812-F34C28A6D942}.Debug|Any CPU.ActiveCfg = Debug|Any CPU
		{DEC9B70C-210E-4FC7-8812-F34C28A6D942}.Debug|Any CPU.Build.0 = Debug|Any CPU
		{DEC9B70C-210E-4FC7-8812-F34C28A6D942}.Release|Any CPU.ActiveCfg = Release|Any CPU
		{DEC9B70C-210E-4FC7-8812-F34C28A6D942}.Release|Any CPU.Build.0 = Release|Any CPU
	EndGlobalSection
	GlobalSection(SolutionProperties) = preSolution
		HideSolutionNode = FALSE
	EndGlobalSection
	GlobalSection(ExtensibilityGlobals) = postSolution
		SolutionGuid = {49E5E957-771B-4F64-B53A-DB757E980A20}
	EndGlobalSection
EndGlobal
